
Microsoft Visual Studio Solution File, Format Version 12.00
# Visual Studio 15
VisualStudioVersion = 15.0.27004.2010
MinimumVisualStudioVersion = 10.0.40219.1
Project("{9A19103F-16F7-4668-BE54-9A1E7A4F7556}") = "MoneyEntry.DataAccess.EFCore", "MoneyEntry.DataAccess.EFCore\MoneyEntry.DataAccess.EFCore.csproj", "{672B9552-F851-41E4-834F-4B80F2A1D6A5}"
EndProject
Project("{9A19103F-16F7-4668-BE54-9A1E7A4F7556}") = "MoneyEntry.ExpensesAPI", "MoneyEntry.ExpensesAPI\MoneyEntry.ExpensesAPI.csproj", "{ED8AFC95-6E27-4BDF-BE2E-26BF9A3C070A}"
EndProject
Project("{9A19103F-16F7-4668-BE54-9A1E7A4F7556}") = "TestConsole", "TestConsole\TestConsole.csproj", "{D0D6A322-B794-4015-B370-5AA71A542DC1}"
EndProject
Global
	GlobalSection(SolutionConfigurationPlatforms) = preSolution
		Debug|Any CPU = Debug|Any CPU
		Release|Any CPU = Release|Any CPU
	EndGlobalSection
	GlobalSection(ProjectConfigurationPlatforms) = postSolution
		{672B9552-F851-41E4-834F-4B80F2A1D6A5}.Debug|Any CPU.ActiveCfg = Debug|Any CPU
		{672B9552-F851-41E4-834F-4B80F2A1D6A5}.Debug|Any CPU.Build.0 = Debug|Any CPU
		{672B9552-F851-41E4-834F-4B80F2A1D6A5}.Release|Any CPU.ActiveCfg = Release|Any CPU
		{672B9552-F851-41E4-834F-4B80F2A1D6A5}.Release|Any CPU.Build.0 = Release|Any CPU
		{ED8AFC95-6E27-4BDF-BE2E-26BF9A3C070A}.Debug|Any CPU.ActiveCfg = Debug|Any CPU
		{ED8AFC95-6E27-4BDF-BE2E-26BF9A3C070A}.Debug|Any CPU.Build.0 = Debug|Any CPU
		{ED8AFC95-6E27-4BDF-BE2E-26BF9A3C070A}.Release|Any CPU.ActiveCfg = Release|Any CPU
		{ED8AFC95-6E27-4BDF-BE2E-26BF9A3C070A}.Release|Any CPU.Build.0 = Release|Any CPU
		{D0D6A322-B794-4015-B370-5AA71A542DC1}.Debug|Any CPU.ActiveCfg = Debug|Any CPU
		{D0D6A322-B794-4015-B370-5AA71A542DC1}.Debug|Any CPU.Build.0 = Debug|Any CPU
		{D0D6A322-B794-4015-B370-5AA71A542DC1}.Release|Any CPU.ActiveCfg = Release|Any CPU
		{D0D6A322-B794-4015-B370-5AA71A542DC1}.Release|Any CPU.Build.0 = Release|Any CPU
	EndGlobalSection
	GlobalSection(SolutionProperties) = preSolution
		HideSolutionNode = FALSE
	EndGlobalSection
	GlobalSection(ExtensibilityGlobals) = postSolution
		SolutionGuid = {3C19A26D-79E7-4A24-8C65-05616A063B96}
	EndGlobalSection
EndGlobal
