
Microsoft Visual Studio Solution File, Format Version 12.00
# Visual Studio 15
VisualStudioVersion = 15.0.27004.2010
MinimumVisualStudioVersion = 10.0.40219.1
Project("{2150E333-8FDC-42A3-9474-1A3956D46DE8}") = "Solution Items", "Solution Items", "{CDB4837C-FD1E-41B3-BA33-FBCEB15EED9F}"
	ProjectSection(SolutionItems) = preProject
		READ ME.txt = READ ME.txt
	EndProjectSection
EndProject
Project("{9A19103F-16F7-4668-BE54-9A1E7A4F7556}") = "MoneyEntry.DataAccess.EFCore", "..\MoneyEntry.DataAccess.EFCore\MoneyEntry.DataAccess.EFCore.csproj", "{074F5FF6-EA02-45C8-9AEB-9596AB8611DB}"
EndProject
Project("{9A19103F-16F7-4668-BE54-9A1E7A4F7556}") = "TestConsole", "..\TestConsole\TestConsole.csproj", "{1F3A6F14-0F1A-48B9-BE90-295047781CDF}"
EndProject
Project("{9A19103F-16F7-4668-BE54-9A1E7A4F7556}") = "MoneyEntry.ExpensesAPI", "..\MoneyEntry.ExpensesAPI\MoneyEntry.ExpensesAPI.csproj", "{C5F86A48-F89D-40D5-932E-5ED3BFD0762D}"
EndProject
Global
	GlobalSection(SolutionConfigurationPlatforms) = preSolution
		Debug|Any CPU = Debug|Any CPU
		Release|Any CPU = Release|Any CPU
	EndGlobalSection
	GlobalSection(ProjectConfigurationPlatforms) = postSolution
		{074F5FF6-EA02-45C8-9AEB-9596AB8611DB}.Debug|Any CPU.ActiveCfg = Debug|Any CPU
		{074F5FF6-EA02-45C8-9AEB-9596AB8611DB}.Debug|Any CPU.Build.0 = Debug|Any CPU
		{074F5FF6-EA02-45C8-9AEB-9596AB8611DB}.Release|Any CPU.ActiveCfg = Release|Any CPU
		{074F5FF6-EA02-45C8-9AEB-9596AB8611DB}.Release|Any CPU.Build.0 = Release|Any CPU
		{1F3A6F14-0F1A-48B9-BE90-295047781CDF}.Debug|Any CPU.ActiveCfg = Debug|Any CPU
		{1F3A6F14-0F1A-48B9-BE90-295047781CDF}.Debug|Any CPU.Build.0 = Debug|Any CPU
		{1F3A6F14-0F1A-48B9-BE90-295047781CDF}.Release|Any CPU.ActiveCfg = Release|Any CPU
		{1F3A6F14-0F1A-48B9-BE90-295047781CDF}.Release|Any CPU.Build.0 = Release|Any CPU
		{C5F86A48-F89D-40D5-932E-5ED3BFD0762D}.Debug|Any CPU.ActiveCfg = Debug|Any CPU
		{C5F86A48-F89D-40D5-932E-5ED3BFD0762D}.Debug|Any CPU.Build.0 = Debug|Any CPU
		{C5F86A48-F89D-40D5-932E-5ED3BFD0762D}.Release|Any CPU.ActiveCfg = Release|Any CPU
		{C5F86A48-F89D-40D5-932E-5ED3BFD0762D}.Release|Any CPU.Build.0 = Release|Any CPU
	EndGlobalSection
	GlobalSection(SolutionProperties) = preSolution
		HideSolutionNode = FALSE
	EndGlobalSection
	GlobalSection(ExtensibilityGlobals) = postSolution
		SolutionGuid = {8933CDB6-6675-4A55-B637-1E67C9703660}
		EnterpriseLibraryConfigurationToolBinariesPathV6 = packages\EnterpriseLibrary.Common.6.0.1304.0\lib\NET45;packages\EnterpriseLibrary.Validation.6.0.1304.0\lib\NET45
	EndGlobalSection
EndGlobal
